
Microsoft Visual Studio Solution File, Format Version 12.00
# Visual Studio Version 16
VisualStudioVersion = 16.0.32002.261
MinimumVisualStudioVersion = 10.0.40219.1
Project("{888888A0-9F3D-457C-B088-3A5042F75D52}") = "opap", "opap.pyproj", "{B7CBE4DF-6834-4F1B-90F6-54DCC1545529}"
EndProject
Global
	GlobalSection(SolutionConfigurationPlatforms) = preSolution
		Debug|Any CPU = Debug|Any CPU
		Release|Any CPU = Release|Any CPU
	EndGlobalSection
	GlobalSection(ProjectConfigurationPlatforms) = postSolution
		{B7CBE4DF-6834-4F1B-90F6-54DCC1545529}.Debug|Any CPU.ActiveCfg = Debug|Any CPU
		{B7CBE4DF-6834-4F1B-90F6-54DCC1545529}.Debug|Any CPU.Build.0 = Debug|Any CPU
		{B7CBE4DF-6834-4F1B-90F6-54DCC1545529}.Release|Any CPU.ActiveCfg = Release|Any CPU
		{B7CBE4DF-6834-4F1B-90F6-54DCC1545529}.Release|Any CPU.Build.0 = Release|Any CPU
	EndGlobalSection
	GlobalSection(SolutionProperties) = preSolution
		HideSolutionNode = FALSE
	EndGlobalSection
	GlobalSection(ExtensibilityGlobals) = postSolution
		SolutionGuid = {1E1B2506-56EE-4665-9F91-9A9867661BA3}
	EndGlobalSection
EndGlobal
